// !$*UTF8*$!
{
	archiveVersion = 1;
	classes = {
	};
	objectVersion = 51;
	objects = {

/* Begin PBXBuildFile section */
		82B93DED2458494600DA6383 /* Lato-Bold.ttf in Resources */ = {isa = PBXBuildFile; fileRef = 82B93DEC2458492F00DA6383 /* Lato-Bold.ttf */; };
		82C5BE742420729C00940EF3 /* AppDelegate.swift in Sources */ = {isa = PBXBuildFile; fileRef = 82C5BE732420729C00940EF3 /* AppDelegate.swift */; };
		82C5BE762420729C00940EF3 /* SceneDelegate.swift in Sources */ = {isa = PBXBuildFile; fileRef = 82C5BE752420729C00940EF3 /* SceneDelegate.swift */; };
		82C5BE782420729C00940EF3 /* ViewController.swift in Sources */ = {isa = PBXBuildFile; fileRef = 82C5BE772420729C00940EF3 /* ViewController.swift */; };
		82C5BE7B2420729C00940EF3 /* Main.storyboard in Resources */ = {isa = PBXBuildFile; fileRef = 82C5BE792420729C00940EF3 /* Main.storyboard */; };
		82C5BE7D2420729E00940EF3 /* Assets.xcassets in Resources */ = {isa = PBXBuildFile; fileRef = 82C5BE7C2420729E00940EF3 /* Assets.xcassets */; };
		82C5BE802420729E00940EF3 /* LaunchScreen.storyboard in Resources */ = {isa = PBXBuildFile; fileRef = 82C5BE7E2420729E00940EF3 /* LaunchScreen.storyboard */; };
		82C5BE8B2420888A00940EF3 /* Lato-Regular.ttf in Resources */ = {isa = PBXBuildFile; fileRef = 82C5BE8A2420887600940EF3 /* Lato-Regular.ttf */; };
		82C5BE8C242088A900940EF3 /* NotoSansCJKkr-Regular.otf in Resources */ = {isa = PBXBuildFile; fileRef = 82C5BE892420887600940EF3 /* NotoSansCJKkr-Regular.otf */; };
		82E055042494773A0083F8DF /* NotoSansKR-Black.otf in Resources */ = {isa = PBXBuildFile; fileRef = 82E05501249477320083F8DF /* NotoSansKR-Black.otf */; };
		82E055052494773A0083F8DF /* NotoSansKR-Bold.otf in Resources */ = {isa = PBXBuildFile; fileRef = 82E054FF249477320083F8DF /* NotoSansKR-Bold.otf */; };
		82E055062494773A0083F8DF /* NotoSansKR-Light.otf in Resources */ = {isa = PBXBuildFile; fileRef = 82E05502249477320083F8DF /* NotoSansKR-Light.otf */; };
		82E055072494773A0083F8DF /* NotoSansKR-Medium.otf in Resources */ = {isa = PBXBuildFile; fileRef = 82E05503249477320083F8DF /* NotoSansKR-Medium.otf */; };
		82E055082494773A0083F8DF /* NotoSansKR-Regular.otf in Resources */ = {isa = PBXBuildFile; fileRef = 82E054FE249477320083F8DF /* NotoSansKR-Regular.otf */; };
		82E055092494773A0083F8DF /* NotoSansKR-Thin.otf in Resources */ = {isa = PBXBuildFile; fileRef = 82E05500249477320083F8DF /* NotoSansKR-Thin.otf */; };
		9EF5E4775EBAA5BE7F966EDF /* Pods_Fonts.framework in Frameworks */ = {isa = PBXBuildFile; fileRef = 7A8BB3114611EF356E46C962 /* Pods_Fonts.framework */; };
/* End PBXBuildFile section */

/* Begin PBXFileReference section */
		6CA5FBC29810D23AB481BBF1 /* Pods-Fonts.release.xcconfig */ = {isa = PBXFileReference; includeInIndex = 1; lastKnownFileType = text.xcconfig; name = "Pods-Fonts.release.xcconfig"; path = "Target Support Files/Pods-Fonts/Pods-Fonts.release.xcconfig"; sourceTree = "<group>"; };
		7A8BB3114611EF356E46C962 /* Pods_Fonts.framework */ = {isa = PBXFileReference; explicitFileType = wrapper.framework; includeInIndex = 0; path = Pods_Fonts.framework; sourceTree = BUILT_PRODUCTS_DIR; };
		82B93DEC2458492F00DA6383 /* Lato-Bold.ttf */ = {isa = PBXFileReference; lastKnownFileType = file; path = "Lato-Bold.ttf"; sourceTree = "<group>"; };
		82C5BE702420729C00940EF3 /* Fonts.app */ = {isa = PBXFileReference; explicitFileType = wrapper.application; includeInIndex = 0; path = Fonts.app; sourceTree = BUILT_PRODUCTS_DIR; };
		82C5BE732420729C00940EF3 /* AppDelegate.swift */ = {isa = PBXFileReference; lastKnownFileType = sourcecode.swift; path = AppDelegate.swift; sourceTree = "<group>"; };
		82C5BE752420729C00940EF3 /* SceneDelegate.swift */ = {isa = PBXFileReference; lastKnownFileType = sourcecode.swift; path = SceneDelegate.swift; sourceTree = "<group>"; };
		82C5BE772420729C00940EF3 /* ViewController.swift */ = {isa = PBXFileReference; lastKnownFileType = sourcecode.swift; path = ViewController.swift; sourceTree = "<group>"; };
		82C5BE7A2420729C00940EF3 /* Base */ = {isa = PBXFileReference; lastKnownFileType = file.storyboard; name = Base; path = Base.lproj/Main.storyboard; sourceTree = "<group>"; };
		82C5BE7C2420729E00940EF3 /* Assets.xcassets */ = {isa = PBXFileReference; lastKnownFileType = folder.assetcatalog; path = Assets.xcassets; sourceTree = "<group>"; };
		82C5BE7F2420729E00940EF3 /* Base */ = {isa = PBXFileReference; lastKnownFileType = file.storyboard; name = Base; path = Base.lproj/LaunchScreen.storyboard; sourceTree = "<group>"; };
		82C5BE812420729E00940EF3 /* Info.plist */ = {isa = PBXFileReference; lastKnownFileType = text.plist.xml; path = Info.plist; sourceTree = "<group>"; };
		82C5BE892420887600940EF3 /* NotoSansCJKkr-Regular.otf */ = {isa = PBXFileReference; lastKnownFileType = file; path = "NotoSansCJKkr-Regular.otf"; sourceTree = "<group>"; };
		82C5BE8A2420887600940EF3 /* Lato-Regular.ttf */ = {isa = PBXFileReference; lastKnownFileType = file; path = "Lato-Regular.ttf"; sourceTree = "<group>"; };
		82C5BE8D2420926800940EF3 /* README.md */ = {isa = PBXFileReference; lastKnownFileType = net.daringfireball.markdown; path = README.md; sourceTree = "<group>"; };
		82E054FE249477320083F8DF /* NotoSansKR-Regular.otf */ = {isa = PBXFileReference; lastKnownFileType = file; path = "NotoSansKR-Regular.otf"; sourceTree = "<group>"; };
		82E054FF249477320083F8DF /* NotoSansKR-Bold.otf */ = {isa = PBXFileReference; lastKnownFileType = file; path = "NotoSansKR-Bold.otf"; sourceTree = "<group>"; };
		82E05500249477320083F8DF /* NotoSansKR-Thin.otf */ = {isa = PBXFileReference; lastKnownFileType = file; path = "NotoSansKR-Thin.otf"; sourceTree = "<group>"; };
		82E05501249477320083F8DF /* NotoSansKR-Black.otf */ = {isa = PBXFileReference; lastKnownFileType = file; path = "NotoSansKR-Black.otf"; sourceTree = "<group>"; };
		82E05502249477320083F8DF /* NotoSansKR-Light.otf */ = {isa = PBXFileReference; lastKnownFileType = file; path = "NotoSansKR-Light.otf"; sourceTree = "<group>"; };
		82E05503249477320083F8DF /* NotoSansKR-Medium.otf */ = {isa = PBXFileReference; lastKnownFileType = file; path = "NotoSansKR-Medium.otf"; sourceTree = "<group>"; };
		F8AEB470A80A14957598F39A /* Pods-Fonts.debug.xcconfig */ = {isa = PBXFileReference; includeInIndex = 1; lastKnownFileType = text.xcconfig; name = "Pods-Fonts.debug.xcconfig"; path = "Target Support Files/Pods-Fonts/Pods-Fonts.debug.xcconfig"; sourceTree = "<group>"; };
/* End PBXFileReference section */

/* Begin PBXFrameworksBuildPhase section */
		82C5BE6D2420729C00940EF3 /* Frameworks */ = {
			isa = PBXFrameworksBuildPhase;
			buildActionMask = 2147483647;
			files = (
				9EF5E4775EBAA5BE7F966EDF /* Pods_Fonts.framework in Frameworks */,
			);
			runOnlyForDeploymentPostprocessing = 0;
		};
/* End PBXFrameworksBuildPhase section */

/* Begin PBXGroup section */
		478B7BBD85C9378BF26C98E9 /* Frameworks */ = {
			isa = PBXGroup;
			children = (
				7A8BB3114611EF356E46C962 /* Pods_Fonts.framework */,
			);
			name = Frameworks;
			sourceTree = "<group>";
		};
		82C5BE672420729C00940EF3 = {
			isa = PBXGroup;
			children = (
				82C5BE8D2420926800940EF3 /* README.md */,
				82C5BE872420884C00940EF3 /* Resources */,
				82C5BE722420729C00940EF3 /* Fonts */,
				82C5BE712420729C00940EF3 /* Products */,
				B6E69E79F9A03EA11C288919 /* Pods */,
				478B7BBD85C9378BF26C98E9 /* Frameworks */,
			);
			sourceTree = "<group>";
		};
		82C5BE712420729C00940EF3 /* Products */ = {
			isa = PBXGroup;
			children = (
				82C5BE702420729C00940EF3 /* Fonts.app */,
			);
			name = Products;
			sourceTree = "<group>";
		};
		82C5BE722420729C00940EF3 /* Fonts */ = {
			isa = PBXGroup;
			children = (
				82C5BE732420729C00940EF3 /* AppDelegate.swift */,
				82C5BE752420729C00940EF3 /* SceneDelegate.swift */,
				82C5BE772420729C00940EF3 /* ViewController.swift */,
				82C5BE792420729C00940EF3 /* Main.storyboard */,
				82C5BE7C2420729E00940EF3 /* Assets.xcassets */,
				82C5BE7E2420729E00940EF3 /* LaunchScreen.storyboard */,
				82C5BE812420729E00940EF3 /* Info.plist */,
			);
			path = Fonts;
			sourceTree = "<group>";
		};
		82C5BE872420884C00940EF3 /* Resources */ = {
			isa = PBXGroup;
			children = (
				82C5BE882420885500940EF3 /* Fonts */,
			);
			path = Resources;
			sourceTree = "<group>";
		};
		82C5BE882420885500940EF3 /* Fonts */ = {
			isa = PBXGroup;
			children = (
				82C5BE8A2420887600940EF3 /* Lato-Regular.ttf */,
				82B93DEC2458492F00DA6383 /* Lato-Bold.ttf */,
				82C5BE892420887600940EF3 /* NotoSansCJKkr-Regular.otf */,
				82E05501249477320083F8DF /* NotoSansKR-Black.otf */,
				82E054FF249477320083F8DF /* NotoSansKR-Bold.otf */,
				82E05502249477320083F8DF /* NotoSansKR-Light.otf */,
				82E05503249477320083F8DF /* NotoSansKR-Medium.otf */,
				82E054FE249477320083F8DF /* NotoSansKR-Regular.otf */,
				82E05500249477320083F8DF /* NotoSansKR-Thin.otf */,
			);
			path = Fonts;
			sourceTree = "<group>";
		};
		B6E69E79F9A03EA11C288919 /* Pods */ = {
			isa = PBXGroup;
			children = (
				F8AEB470A80A14957598F39A /* Pods-Fonts.debug.xcconfig */,
				6CA5FBC29810D23AB481BBF1 /* Pods-Fonts.release.xcconfig */,
			);
			path = Pods;
			sourceTree = "<group>";
		};
/* End PBXGroup section */

/* Begin PBXNativeTarget section */
		82C5BE6F2420729C00940EF3 /* Fonts */ = {
			isa = PBXNativeTarget;
			buildConfigurationList = 82C5BE842420729E00940EF3 /* Build configuration list for PBXNativeTarget "Fonts" */;
			buildPhases = (
				C4F671325C2CE3D086CF32B8 /* [CP] Check Pods Manifest.lock */,
				82C5BE6C2420729C00940EF3 /* Sources */,
				82C5BE6D2420729C00940EF3 /* Frameworks */,
				82C5BE6E2420729C00940EF3 /* Resources */,
				87EF3711122E306213BC4980 /* [CP] Embed Pods Frameworks */,
			);
			buildRules = (
			);
			dependencies = (
			);
			name = Fonts;
			productName = Fonts;
			productReference = 82C5BE702420729C00940EF3 /* Fonts.app */;
			productType = "com.apple.product-type.application";
		};
/* End PBXNativeTarget section */

/* Begin PBXProject section */
		82C5BE682420729C00940EF3 /* Project object */ = {
			isa = PBXProject;
			attributes = {
				LastSwiftUpdateCheck = 1130;
				LastUpgradeCheck = 1130;
				ORGANIZATIONNAME = mhlee;
				TargetAttributes = {
					82C5BE6F2420729C00940EF3 = {
						CreatedOnToolsVersion = 11.3.1;
					};
				};
			};
			buildConfigurationList = 82C5BE6B2420729C00940EF3 /* Build configuration list for PBXProject "Fonts" */;
			compatibilityVersion = "Xcode 9.3";
			developmentRegion = en;
			hasScannedForEncodings = 0;
			knownRegions = (
				en,
				Base,
			);
			mainGroup = 82C5BE672420729C00940EF3;
			productRefGroup = 82C5BE712420729C00940EF3 /* Products */;
			projectDirPath = "";
			projectRoot = "";
			targets = (
				82C5BE6F2420729C00940EF3 /* Fonts */,
			);
		};
/* End PBXProject section */

/* Begin PBXResourcesBuildPhase section */
		82C5BE6E2420729C00940EF3 /* Resources */ = {
			isa = PBXResourcesBuildPhase;
			buildActionMask = 2147483647;
			files = (
				82E055092494773A0083F8DF /* NotoSansKR-Thin.otf in Resources */,
				82E055082494773A0083F8DF /* NotoSansKR-Regular.otf in Resources */,
				82C5BE7D2420729E00940EF3 /* Assets.xcassets in Resources */,
				82B93DED2458494600DA6383 /* Lato-Bold.ttf in Resources */,
				82E055072494773A0083F8DF /* NotoSansKR-Medium.otf in Resources */,
				82E055052494773A0083F8DF /* NotoSansKR-Bold.otf in Resources */,
				82C5BE802420729E00940EF3 /* LaunchScreen.storyboard in Resources */,
				82C5BE7B2420729C00940EF3 /* Main.storyboard in Resources */,
				82C5BE8B2420888A00940EF3 /* Lato-Regular.ttf in Resources */,
				82E055062494773A0083F8DF /* NotoSansKR-Light.otf in Resources */,
				82E055042494773A0083F8DF /* NotoSansKR-Black.otf in Resources */,
				82C5BE8C242088A900940EF3 /* NotoSansCJKkr-Regular.otf in Resources */,
			);
			runOnlyForDeploymentPostprocessing = 0;
		};
/* End PBXResourcesBuildPhase section */

/* Begin PBXShellScriptBuildPhase section */
		87EF3711122E306213BC4980 /* [CP] Embed Pods Frameworks */ = {
			isa = PBXShellScriptBuildPhase;
			buildActionMask = 2147483647;
			files = (
			);
			inputFileListPaths = (
				"${PODS_ROOT}/Target Support Files/Pods-Fonts/Pods-Fonts-frameworks-${CONFIGURATION}-input-files.xcfilelist",
			);
			name = "[CP] Embed Pods Frameworks";
			outputFileListPaths = (
				"${PODS_ROOT}/Target Support Files/Pods-Fonts/Pods-Fonts-frameworks-${CONFIGURATION}-output-files.xcfilelist",
			);
			runOnlyForDeploymentPostprocessing = 0;
			shellPath = /bin/sh;
			shellScript = "\"${PODS_ROOT}/Target Support Files/Pods-Fonts/Pods-Fonts-frameworks.sh\"\n";
			showEnvVarsInLog = 0;
		};
		C4F671325C2CE3D086CF32B8 /* [CP] Check Pods Manifest.lock */ = {
			isa = PBXShellScriptBuildPhase;
			buildActionMask = 2147483647;
			files = (
			);
			inputFileListPaths = (
			);
			inputPaths = (
				"${PODS_PODFILE_DIR_PATH}/Podfile.lock",
				"${PODS_ROOT}/Manifest.lock",
			);
			name = "[CP] Check Pods Manifest.lock";
			outputFileListPaths = (
			);
			outputPaths = (
				"$(DERIVED_FILE_DIR)/Pods-Fonts-checkManifestLockResult.txt",
			);
			runOnlyForDeploymentPostprocessing = 0;
			shellPath = /bin/sh;
			shellScript = "diff \"${PODS_PODFILE_DIR_PATH}/Podfile.lock\" \"${PODS_ROOT}/Manifest.lock\" > /dev/null\nif [ $? != 0 ] ; then\n    # print error to STDERR\n    echo \"error: The sandbox is not in sync with the Podfile.lock. Run 'pod install' or update your CocoaPods installation.\" >&2\n    exit 1\nfi\n# This output is used by Xcode 'outputs' to avoid re-running this script phase.\necho \"SUCCESS\" > \"${SCRIPT_OUTPUT_FILE_0}\"\n";
			showEnvVarsInLog = 0;
		};
/* End PBXShellScriptBuildPhase section */

/* Begin PBXSourcesBuildPhase section */
		82C5BE6C2420729C00940EF3 /* Sources */ = {
			isa = PBXSourcesBuildPhase;
			buildActionMask = 2147483647;
			files = (
				82C5BE782420729C00940EF3 /* ViewController.swift in Sources */,
				82C5BE742420729C00940EF3 /* AppDelegate.swift in Sources */,
				82C5BE762420729C00940EF3 /* SceneDelegate.swift in Sources */,
			);
			runOnlyForDeploymentPostprocessing = 0;
		};
/* End PBXSourcesBuildPhase section */

/* Begin PBXVariantGroup section */
		82C5BE792420729C00940EF3 /* Main.storyboard */ = {
			isa = PBXVariantGroup;
			children = (
				82C5BE7A2420729C00940EF3 /* Base */,
			);
			name = Main.storyboard;
			sourceTree = "<group>";
		};
		82C5BE7E2420729E00940EF3 /* LaunchScreen.storyboard */ = {
			isa = PBXVariantGroup;
			children = (
				82C5BE7F2420729E00940EF3 /* Base */,
			);
			name = LaunchScreen.storyboard;
			sourceTree = "<group>";
		};
/* End PBXVariantGroup section */

/* Begin XCBuildConfiguration section */
		82C5BE822420729E00940EF3 /* Debug */ = {
			isa = XCBuildConfiguration;
			buildSettings = {
				ALWAYS_SEARCH_USER_PATHS = NO;
				CLANG_ANALYZER_NONNULL = YES;
				CLANG_ANALYZER_NUMBER_OBJECT_CONVERSION = YES_AGGRESSIVE;
				CLANG_CXX_LANGUAGE_STANDARD = "gnu++14";
				CLANG_CXX_LIBRARY = "libc++";
				CLANG_ENABLE_MODULES = YES;
				CLANG_ENABLE_OBJC_ARC = YES;
				CLANG_ENABLE_OBJC_WEAK = YES;
				CLANG_WARN_BLOCK_CAPTURE_AUTORELEASING = YES;
				CLANG_WARN_BOOL_CONVERSION = YES;
				CLANG_WARN_COMMA = YES;
				CLANG_WARN_CONSTANT_CONVERSION = YES;
				CLANG_WARN_DEPRECATED_OBJC_IMPLEMENTATIONS = YES;
				CLANG_WARN_DIRECT_OBJC_ISA_USAGE = YES_ERROR;
				CLANG_WARN_DOCUMENTATION_COMMENTS = YES;
				CLANG_WARN_EMPTY_BODY = YES;
				CLANG_WARN_ENUM_CONVERSION = YES;
				CLANG_WARN_INFINITE_RECURSION = YES;
				CLANG_WARN_INT_CONVERSION = YES;
				CLANG_WARN_NON_LITERAL_NULL_CONVERSION = YES;
				CLANG_WARN_OBJC_IMPLICIT_RETAIN_SELF = YES;
				CLANG_WARN_OBJC_LITERAL_CONVERSION = YES;
				CLANG_WARN_OBJC_ROOT_CLASS = YES_ERROR;
				CLANG_WARN_RANGE_LOOP_ANALYSIS = YES;
				CLANG_WARN_STRICT_PROTOTYPES = YES;
				CLANG_WARN_SUSPICIOUS_MOVE = YES;
				CLANG_WARN_UNGUARDED_AVAILABILITY = YES_AGGRESSIVE;
				CLANG_WARN_UNREACHABLE_CODE = YES;
				CLANG_WARN__DUPLICATE_METHOD_MATCH = YES;
				COPY_PHASE_STRIP = NO;
				DEBUG_INFORMATION_FORMAT = dwarf;
				ENABLE_STRICT_OBJC_MSGSEND = YES;
				ENABLE_TESTABILITY = YES;
				GCC_C_LANGUAGE_STANDARD = gnu11;
				GCC_DYNAMIC_NO_PIC = NO;
				GCC_NO_COMMON_BLOCKS = YES;
				GCC_OPTIMIZATION_LEVEL = 0;
				GCC_PREPROCESSOR_DEFINITIONS = (
					"DEBUG=1",
					"$(inherited)",
				);
				GCC_WARN_64_TO_32_BIT_CONVERSION = YES;
				GCC_WARN_ABOUT_RETURN_TYPE = YES_ERROR;
				GCC_WARN_UNDECLARED_SELECTOR = YES;
				GCC_WARN_UNINITIALIZED_AUTOS = YES_AGGRESSIVE;
				GCC_WARN_UNUSED_FUNCTION = YES;
				GCC_WARN_UNUSED_VARIABLE = YES;
				IPHONEOS_DEPLOYMENT_TARGET = 13.2;
				MTL_ENABLE_DEBUG_INFO = INCLUDE_SOURCE;
				MTL_FAST_MATH = YES;
				ONLY_ACTIVE_ARCH = YES;
				SDKROOT = iphoneos;
				SWIFT_ACTIVE_COMPILATION_CONDITIONS = DEBUG;
				SWIFT_OPTIMIZATION_LEVEL = "-Onone";
			};
			name = Debug;
		};
		82C5BE832420729E00940EF3 /* Release */ = {
			isa = XCBuildConfiguration;
			buildSettings = {
				ALWAYS_SEARCH_USER_PATHS = NO;
				CLANG_ANALYZER_NONNULL = YES;
				CLANG_ANALYZER_NUMBER_OBJECT_CONVERSION = YES_AGGRESSIVE;
				CLANG_CXX_LANGUAGE_STANDARD = "gnu++14";
				CLANG_CXX_LIBRARY = "libc++";
				CLANG_ENABLE_MODULES = YES;
				CLANG_ENABLE_OBJC_ARC = YES;
				CLANG_ENABLE_OBJC_WEAK = YES;
				CLANG_WARN_BLOCK_CAPTURE_AUTORELEASING = YES;
				CLANG_WARN_BOOL_CONVERSION = YES;
				CLANG_WARN_COMMA = YES;
				CLANG_WARN_CONSTANT_CONVERSION = YES;
				CLANG_WARN_DEPRECATED_OBJC_IMPLEMENTATIONS = YES;
				CLANG_WARN_DIRECT_OBJC_ISA_USAGE = YES_ERROR;
				CLANG_WARN_DOCUMENTATION_COMMENTS = YES;
				CLANG_WARN_EMPTY_BODY = YES;
				CLANG_WARN_ENUM_CONVERSION = YES;
				CLANG_WARN_INFINITE_RECURSION = YES;
				CLANG_WARN_INT_CONVERSION = YES;
				CLANG_WARN_NON_LITERAL_NULL_CONVERSION = YES;
				CLANG_WARN_OBJC_IMPLICIT_RETAIN_SELF = YES;
				CLANG_WARN_OBJC_LITERAL_CONVERSION = YES;
				CLANG_WARN_OBJC_ROOT_CLASS = YES_ERROR;
				CLANG_WARN_RANGE_LOOP_ANALYSIS = YES;
				CLANG_WARN_STRICT_PROTOTYPES = YES;
				CLANG_WARN_SUSPICIOUS_MOVE = YES;
				CLANG_WARN_UNGUARDED_AVAILABILITY = YES_AGGRESSIVE;
				CLANG_WARN_UNREACHABLE_CODE = YES;
				CLANG_WARN__DUPLICATE_METHOD_MATCH = YES;
				COPY_PHASE_STRIP = NO;
				DEBUG_INFORMATION_FORMAT = "dwarf-with-dsym";
				ENABLE_NS_ASSERTIONS = NO;
				ENABLE_STRICT_OBJC_MSGSEND = YES;
				GCC_C_LANGUAGE_STANDARD = gnu11;
				GCC_NO_COMMON_BLOCKS = YES;
				GCC_WARN_64_TO_32_BIT_CONVERSION = YES;
				GCC_WARN_ABOUT_RETURN_TYPE = YES_ERROR;
				GCC_WARN_UNDECLARED_SELECTOR = YES;
				GCC_WARN_UNINITIALIZED_AUTOS = YES_AGGRESSIVE;
				GCC_WARN_UNUSED_FUNCTION = YES;
				GCC_WARN_UNUSED_VARIABLE = YES;
				IPHONEOS_DEPLOYMENT_TARGET = 13.2;
				MTL_ENABLE_DEBUG_INFO = NO;
				MTL_FAST_MATH = YES;
				SDKROOT = iphoneos;
				SWIFT_COMPILATION_MODE = wholemodule;
				SWIFT_OPTIMIZATION_LEVEL = "-O";
				VALIDATE_PRODUCT = YES;
			};
			name = Release;
		};
		82C5BE852420729E00940EF3 /* Debug */ = {
			isa = XCBuildConfiguration;
			baseConfigurationReference = F8AEB470A80A14957598F39A /* Pods-Fonts.debug.xcconfig */;
			buildSettings = {
				ASSETCATALOG_COMPILER_APPICON_NAME = AppIcon;
				CODE_SIGN_STYLE = Automatic;
				DEVELOPMENT_TEAM = DV97Z43DCT;
				INFOPLIST_FILE = Fonts/Info.plist;
				LD_RUNPATH_SEARCH_PATHS = (
					"$(inherited)",
					"@executable_path/Frameworks",
				);
				PRODUCT_BUNDLE_IDENTIFIER = com.mhlee.Fonts;
				PRODUCT_NAME = "$(TARGET_NAME)";
				SWIFT_VERSION = 5.0;
				TARGETED_DEVICE_FAMILY = "1,2";
			};
			name = Debug;
		};
		82C5BE862420729E00940EF3 /* Release */ = {
			isa = XCBuildConfiguration;
			baseConfigurationReference = 6CA5FBC29810D23AB481BBF1 /* Pods-Fonts.release.xcconfig */;
			buildSettings = {
				ASSETCATALOG_COMPILER_APPICON_NAME = AppIcon;
				CODE_SIGN_STYLE = Automatic;
				DEVELOPMENT_TEAM = DV97Z43DCT;
				INFOPLIST_FILE = Fonts/Info.plist;
				LD_RUNPATH_SEARCH_PATHS = (
					"$(inherited)",
					"@executable_path/Frameworks",
				);
				PRODUCT_BUNDLE_IDENTIFIER = com.mhlee.Fonts;
				PRODUCT_NAME = "$(TARGET_NAME)";
				SWIFT_VERSION = 5.0;
				TARGETED_DEVICE_FAMILY = "1,2";
			};
			name = Release;
		};
/* End XCBuildConfiguration section */

/* Begin XCConfigurationList section */
		82C5BE6B2420729C00940EF3 /* Build configuration list for PBXProject "Fonts" */ = {
			isa = XCConfigurationList;
			buildConfigurations = (
				82C5BE822420729E00940EF3 /* Debug */,
				82C5BE832420729E00940EF3 /* Release */,
			);
			defaultConfigurationIsVisible = 0;
			defaultConfigurationName = Release;
		};
		82C5BE842420729E00940EF3 /* Build configuration list for PBXNativeTarget "Fonts" */ = {
			isa = XCConfigurationList;
			buildConfigurations = (
				82C5BE852420729E00940EF3 /* Debug */,
				82C5BE862420729E00940EF3 /* Release */,
			);
			defaultConfigurationIsVisible = 0;
			defaultConfigurationName = Release;
		};
/* End XCConfigurationList section */
	};
	rootObject = 82C5BE682420729C00940EF3 /* Project object */;
}
